
Microsoft Visual Studio Solution File, Format Version 12.00
# Visual Studio Version 17
VisualStudioVersion = 17.8.34330.188
MinimumVisualStudioVersion = 10.0.40219.1
Project("{FAE04EC0-301F-11D3-BF4B-00C04F79EFBC}") = "Deliverable2", "Deliverable2\Deliverable2.csproj", "{26DE0E3C-1785-42FA-B1E1-DDE995EF9750}"
EndProject
Global
	GlobalSection(SolutionConfigurationPlatforms) = preSolution
		Debug|Any CPU = Debug|Any CPU
		Release|Any CPU = Release|Any CPU
	EndGlobalSection
	GlobalSection(ProjectConfigurationPlatforms) = postSolution
		{26DE0E3C-1785-42FA-B1E1-DDE995EF9750}.Debug|Any CPU.ActiveCfg = Debug|Any CPU
		{26DE0E3C-1785-42FA-B1E1-DDE995EF9750}.Debug|Any CPU.Build.0 = Debug|Any CPU
		{26DE0E3C-1785-42FA-B1E1-DDE995EF9750}.Release|Any CPU.ActiveCfg = Release|Any CPU
		{26DE0E3C-1785-42FA-B1E1-DDE995EF9750}.Release|Any CPU.Build.0 = Release|Any CPU
	EndGlobalSection
	GlobalSection(SolutionProperties) = preSolution
		HideSolutionNode = FALSE
	EndGlobalSection
	GlobalSection(ExtensibilityGlobals) = postSolution
		SolutionGuid = {2BB24618-3F44-46F0-BE95-745670B485D7}
	EndGlobalSection
EndGlobal
